
Microsoft Visual Studio Solution File, Format Version 12.00
# Visual Studio Version 16
VisualStudioVersion = 16.0.30320.27
MinimumVisualStudioVersion = 10.0.40219.1
Project("{FAE04EC0-301F-11D3-BF4B-00C04F79EFBC}") = "Challenges", "Challenges\Challenges.csproj", "{751D6BAA-49B5-4759-A959-2568E11426DB}"
EndProject
Global
	GlobalSection(SolutionConfigurationPlatforms) = preSolution
		Debug|Any CPU = Debug|Any CPU
		Release|Any CPU = Release|Any CPU
	EndGlobalSection
	GlobalSection(ProjectConfigurationPlatforms) = postSolution
		{751D6BAA-49B5-4759-A959-2568E11426DB}.Debug|Any CPU.ActiveCfg = Debug|Any CPU
		{751D6BAA-49B5-4759-A959-2568E11426DB}.Debug|Any CPU.Build.0 = Debug|Any CPU
		{751D6BAA-49B5-4759-A959-2568E11426DB}.Release|Any CPU.ActiveCfg = Release|Any CPU
		{751D6BAA-49B5-4759-A959-2568E11426DB}.Release|Any CPU.Build.0 = Release|Any CPU
	EndGlobalSection
	GlobalSection(SolutionProperties) = preSolution
		HideSolutionNode = FALSE
	EndGlobalSection
	GlobalSection(ExtensibilityGlobals) = postSolution
		SolutionGuid = {1D8CEBBE-0D50-495B-9E77-2B7DE4578B4F}
	EndGlobalSection
EndGlobal
